// !$*UTF8*$!
{
	archiveVersion = 1;
	classes = {
	};
	objectVersion = 55;
	objects = {

/* Begin PBXBuildFile section */
		A04155902811760900EDEEDE /* AppDelegate.swift in Sources */ = {isa = PBXBuildFile; fileRef = A041558F2811760900EDEEDE /* AppDelegate.swift */; };
		A04155922811760900EDEEDE /* SceneDelegate.swift in Sources */ = {isa = PBXBuildFile; fileRef = A04155912811760900EDEEDE /* SceneDelegate.swift */; };
		A04155942811760900EDEEDE /* ViewController.swift in Sources */ = {isa = PBXBuildFile; fileRef = A04155932811760900EDEEDE /* ViewController.swift */; };
		A04155972811760900EDEEDE /* Main.storyboard in Resources */ = {isa = PBXBuildFile; fileRef = A04155952811760900EDEEDE /* Main.storyboard */; };
		A04155992811760B00EDEEDE /* Assets.xcassets in Resources */ = {isa = PBXBuildFile; fileRef = A04155982811760B00EDEEDE /* Assets.xcassets */; };
		A041559C2811760B00EDEEDE /* LaunchScreen.storyboard in Resources */ = {isa = PBXBuildFile; fileRef = A041559A2811760B00EDEEDE /* LaunchScreen.storyboard */; };
		A04155A72811760B00EDEEDE /* HIWI_APPTests.swift in Sources */ = {isa = PBXBuildFile; fileRef = A04155A62811760B00EDEEDE /* HIWI_APPTests.swift */; };
		A04155B12811760B00EDEEDE /* HIWI_APPUITests.swift in Sources */ = {isa = PBXBuildFile; fileRef = A04155B02811760B00EDEEDE /* HIWI_APPUITests.swift */; };
		A04155B32811760B00EDEEDE /* HIWI_APPUITestsLaunchTests.swift in Sources */ = {isa = PBXBuildFile; fileRef = A04155B22811760B00EDEEDE /* HIWI_APPUITestsLaunchTests.swift */; };
		A04C153D282EAD3D004717D1 /* Complex in Frameworks */ = {isa = PBXBuildFile; productRef = A04C153C282EAD3D004717D1 /* Complex */; };
		A076C75828253C45006EAC91 /* Label.swift in Sources */ = {isa = PBXBuildFile; fileRef = A076C75728253C45006EAC91 /* Label.swift */; };
		A077AEAF2812D74D008D1A62 /* QubitVisualization.swift in Sources */ = {isa = PBXBuildFile; fileRef = A077AEAE2812D74C008D1A62 /* QubitVisualization.swift */; };
		A077AEB12812DD2D008D1A62 /* BottomPlate.swift in Sources */ = {isa = PBXBuildFile; fileRef = A077AEB02812DD2D008D1A62 /* BottomPlate.swift */; };
/* End PBXBuildFile section */

/* Begin PBXContainerItemProxy section */
		A04155A32811760B00EDEEDE /* PBXContainerItemProxy */ = {
			isa = PBXContainerItemProxy;
			containerPortal = A04155842811760900EDEEDE /* Project object */;
			proxyType = 1;
			remoteGlobalIDString = A041558B2811760900EDEEDE;
			remoteInfo = "HIWI-APP";
		};
		A04155AD2811760B00EDEEDE /* PBXContainerItemProxy */ = {
			isa = PBXContainerItemProxy;
			containerPortal = A04155842811760900EDEEDE /* Project object */;
			proxyType = 1;
			remoteGlobalIDString = A041558B2811760900EDEEDE;
			remoteInfo = "HIWI-APP";
		};
/* End PBXContainerItemProxy section */

/* Begin PBXFileReference section */
		A041558C2811760900EDEEDE /* HIWI-APP.app */ = {isa = PBXFileReference; explicitFileType = wrapper.application; includeInIndex = 0; path = "HIWI-APP.app"; sourceTree = BUILT_PRODUCTS_DIR; };
		A041558F2811760900EDEEDE /* AppDelegate.swift */ = {isa = PBXFileReference; lastKnownFileType = sourcecode.swift; path = AppDelegate.swift; sourceTree = "<group>"; };
		A04155912811760900EDEEDE /* SceneDelegate.swift */ = {isa = PBXFileReference; lastKnownFileType = sourcecode.swift; path = SceneDelegate.swift; sourceTree = "<group>"; };
		A04155932811760900EDEEDE /* ViewController.swift */ = {isa = PBXFileReference; lastKnownFileType = sourcecode.swift; path = ViewController.swift; sourceTree = "<group>"; };
		A04155962811760900EDEEDE /* Base */ = {isa = PBXFileReference; lastKnownFileType = file.storyboard; name = Base; path = Base.lproj/Main.storyboard; sourceTree = "<group>"; };
		A04155982811760B00EDEEDE /* Assets.xcassets */ = {isa = PBXFileReference; lastKnownFileType = folder.assetcatalog; path = Assets.xcassets; sourceTree = "<group>"; };
		A041559B2811760B00EDEEDE /* Base */ = {isa = PBXFileReference; lastKnownFileType = file.storyboard; name = Base; path = Base.lproj/LaunchScreen.storyboard; sourceTree = "<group>"; };
		A041559D2811760B00EDEEDE /* Info.plist */ = {isa = PBXFileReference; lastKnownFileType = text.plist.xml; path = Info.plist; sourceTree = "<group>"; };
		A04155A22811760B00EDEEDE /* HIWI-APPTests.xctest */ = {isa = PBXFileReference; explicitFileType = wrapper.cfbundle; includeInIndex = 0; path = "HIWI-APPTests.xctest"; sourceTree = BUILT_PRODUCTS_DIR; };
		A04155A62811760B00EDEEDE /* HIWI_APPTests.swift */ = {isa = PBXFileReference; lastKnownFileType = sourcecode.swift; path = HIWI_APPTests.swift; sourceTree = "<group>"; };
		A04155AC2811760B00EDEEDE /* HIWI-APPUITests.xctest */ = {isa = PBXFileReference; explicitFileType = wrapper.cfbundle; includeInIndex = 0; path = "HIWI-APPUITests.xctest"; sourceTree = BUILT_PRODUCTS_DIR; };
		A04155B02811760B00EDEEDE /* HIWI_APPUITests.swift */ = {isa = PBXFileReference; lastKnownFileType = sourcecode.swift; path = HIWI_APPUITests.swift; sourceTree = "<group>"; };
		A04155B22811760B00EDEEDE /* HIWI_APPUITestsLaunchTests.swift */ = {isa = PBXFileReference; lastKnownFileType = sourcecode.swift; path = HIWI_APPUITestsLaunchTests.swift; sourceTree = "<group>"; };
		A076C75728253C45006EAC91 /* Label.swift */ = {isa = PBXFileReference; lastKnownFileType = sourcecode.swift; path = Label.swift; sourceTree = "<group>"; };
		A077AEAE2812D74C008D1A62 /* QubitVisualization.swift */ = {isa = PBXFileReference; lastKnownFileType = sourcecode.swift; path = QubitVisualization.swift; sourceTree = "<group>"; };
		A077AEB02812DD2D008D1A62 /* BottomPlate.swift */ = {isa = PBXFileReference; lastKnownFileType = sourcecode.swift; path = BottomPlate.swift; sourceTree = "<group>"; };
/* End PBXFileReference section */

/* Begin PBXFrameworksBuildPhase section */
		A04155892811760900EDEEDE /* Frameworks */ = {
			isa = PBXFrameworksBuildPhase;
			buildActionMask = 2147483647;
			files = (
				A04C153D282EAD3D004717D1 /* Complex in Frameworks */,
			);
			runOnlyForDeploymentPostprocessing = 0;
		};
		A041559F2811760B00EDEEDE /* Frameworks */ = {
			isa = PBXFrameworksBuildPhase;
			buildActionMask = 2147483647;
			files = (
			);
			runOnlyForDeploymentPostprocessing = 0;
		};
		A04155A92811760B00EDEEDE /* Frameworks */ = {
			isa = PBXFrameworksBuildPhase;
			buildActionMask = 2147483647;
			files = (
			);
			runOnlyForDeploymentPostprocessing = 0;
		};
/* End PBXFrameworksBuildPhase section */

/* Begin PBXGroup section */
		A04155832811760900EDEEDE = {
			isa = PBXGroup;
			children = (
				A041558E2811760900EDEEDE /* HIWI-APP */,
				A04155A52811760B00EDEEDE /* HIWI-APPTests */,
				A04155AF2811760B00EDEEDE /* HIWI-APPUITests */,
				A041558D2811760900EDEEDE /* Products */,
			);
			sourceTree = "<group>";
		};
		A041558D2811760900EDEEDE /* Products */ = {
			isa = PBXGroup;
			children = (
				A041558C2811760900EDEEDE /* HIWI-APP.app */,
				A04155A22811760B00EDEEDE /* HIWI-APPTests.xctest */,
				A04155AC2811760B00EDEEDE /* HIWI-APPUITests.xctest */,
			);
			name = Products;
			sourceTree = "<group>";
		};
		A041558E2811760900EDEEDE /* HIWI-APP */ = {
			isa = PBXGroup;
			children = (
				A041558F2811760900EDEEDE /* AppDelegate.swift */,
				A04155912811760900EDEEDE /* SceneDelegate.swift */,
				A04155932811760900EDEEDE /* ViewController.swift */,
				A077AEAE2812D74C008D1A62 /* QubitVisualization.swift */,
				A077AEB02812DD2D008D1A62 /* BottomPlate.swift */,
				A04155952811760900EDEEDE /* Main.storyboard */,
				A04155982811760B00EDEEDE /* Assets.xcassets */,
				A041559A2811760B00EDEEDE /* LaunchScreen.storyboard */,
				A041559D2811760B00EDEEDE /* Info.plist */,
				A076C75728253C45006EAC91 /* Label.swift */,
			);
			path = "HIWI-APP";
			sourceTree = "<group>";
		};
		A04155A52811760B00EDEEDE /* HIWI-APPTests */ = {
			isa = PBXGroup;
			children = (
				A04155A62811760B00EDEEDE /* HIWI_APPTests.swift */,
			);
			path = "HIWI-APPTests";
			sourceTree = "<group>";
		};
		A04155AF2811760B00EDEEDE /* HIWI-APPUITests */ = {
			isa = PBXGroup;
			children = (
				A04155B02811760B00EDEEDE /* HIWI_APPUITests.swift */,
				A04155B22811760B00EDEEDE /* HIWI_APPUITestsLaunchTests.swift */,
			);
			path = "HIWI-APPUITests";
			sourceTree = "<group>";
		};
/* End PBXGroup section */

/* Begin PBXNativeTarget section */
		A041558B2811760900EDEEDE /* HIWI-APP */ = {
			isa = PBXNativeTarget;
			buildConfigurationList = A04155B62811760B00EDEEDE /* Build configuration list for PBXNativeTarget "HIWI-APP" */;
			buildPhases = (
				A04155882811760900EDEEDE /* Sources */,
				A04155892811760900EDEEDE /* Frameworks */,
				A041558A2811760900EDEEDE /* Resources */,
			);
			buildRules = (
			);
			dependencies = (
			);
			name = "HIWI-APP";
			packageProductDependencies = (
				A04C153C282EAD3D004717D1 /* Complex */,
			);
			productName = "HIWI-APP";
			productReference = A041558C2811760900EDEEDE /* HIWI-APP.app */;
			productType = "com.apple.product-type.application";
		};
		A04155A12811760B00EDEEDE /* HIWI-APPTests */ = {
			isa = PBXNativeTarget;
			buildConfigurationList = A04155B92811760B00EDEEDE /* Build configuration list for PBXNativeTarget "HIWI-APPTests" */;
			buildPhases = (
				A041559E2811760B00EDEEDE /* Sources */,
				A041559F2811760B00EDEEDE /* Frameworks */,
				A04155A02811760B00EDEEDE /* Resources */,
			);
			buildRules = (
			);
			dependencies = (
				A04155A42811760B00EDEEDE /* PBXTargetDependency */,
			);
			name = "HIWI-APPTests";
			productName = "HIWI-APPTests";
			productReference = A04155A22811760B00EDEEDE /* HIWI-APPTests.xctest */;
			productType = "com.apple.product-type.bundle.unit-test";
		};
		A04155AB2811760B00EDEEDE /* HIWI-APPUITests */ = {
			isa = PBXNativeTarget;
			buildConfigurationList = A04155BC2811760B00EDEEDE /* Build configuration list for PBXNativeTarget "HIWI-APPUITests" */;
			buildPhases = (
				A04155A82811760B00EDEEDE /* Sources */,
				A04155A92811760B00EDEEDE /* Frameworks */,
				A04155AA2811760B00EDEEDE /* Resources */,
			);
			buildRules = (
			);
			dependencies = (
				A04155AE2811760B00EDEEDE /* PBXTargetDependency */,
			);
			name = "HIWI-APPUITests";
			productName = "HIWI-APPUITests";
			productReference = A04155AC2811760B00EDEEDE /* HIWI-APPUITests.xctest */;
			productType = "com.apple.product-type.bundle.ui-testing";
		};
/* End PBXNativeTarget section */

/* Begin PBXProject section */
		A04155842811760900EDEEDE /* Project object */ = {
			isa = PBXProject;
			attributes = {
				BuildIndependentTargetsInParallel = 1;
				LastSwiftUpdateCheck = 1320;
				LastUpgradeCheck = 1320;
				TargetAttributes = {
					A041558B2811760900EDEEDE = {
						CreatedOnToolsVersion = 13.2.1;
					};
					A04155A12811760B00EDEEDE = {
						CreatedOnToolsVersion = 13.2.1;
						TestTargetID = A041558B2811760900EDEEDE;
					};
					A04155AB2811760B00EDEEDE = {
						CreatedOnToolsVersion = 13.2.1;
						TestTargetID = A041558B2811760900EDEEDE;
					};
				};
			};
			buildConfigurationList = A04155872811760900EDEEDE /* Build configuration list for PBXProject "HIWI-APP" */;
			compatibilityVersion = "Xcode 13.0";
			developmentRegion = en;
			hasScannedForEncodings = 0;
			knownRegions = (
				en,
				Base,
			);
			mainGroup = A04155832811760900EDEEDE;
			packageReferences = (
				A04C153B282EAD3D004717D1 /* XCRemoteSwiftPackageReference "swift-complex" */,
			);
			productRefGroup = A041558D2811760900EDEEDE /* Products */;
			projectDirPath = "";
			projectRoot = "";
			targets = (
				A041558B2811760900EDEEDE /* HIWI-APP */,
				A04155A12811760B00EDEEDE /* HIWI-APPTests */,
				A04155AB2811760B00EDEEDE /* HIWI-APPUITests */,
			);
		};
/* End PBXProject section */

/* Begin PBXResourcesBuildPhase section */
		A041558A2811760900EDEEDE /* Resources */ = {
			isa = PBXResourcesBuildPhase;
			buildActionMask = 2147483647;
			files = (
				A041559C2811760B00EDEEDE /* LaunchScreen.storyboard in Resources */,
				A04155992811760B00EDEEDE /* Assets.xcassets in Resources */,
				A04155972811760900EDEEDE /* Main.storyboard in Resources */,
			);
			runOnlyForDeploymentPostprocessing = 0;
		};
		A04155A02811760B00EDEEDE /* Resources */ = {
			isa = PBXResourcesBuildPhase;
			buildActionMask = 2147483647;
			files = (
			);
			runOnlyForDeploymentPostprocessing = 0;
		};
		A04155AA2811760B00EDEEDE /* Resources */ = {
			isa = PBXResourcesBuildPhase;
			buildActionMask = 2147483647;
			files = (
			);
			runOnlyForDeploymentPostprocessing = 0;
		};
/* End PBXResourcesBuildPhase section */

/* Begin PBXSourcesBuildPhase section */
		A04155882811760900EDEEDE /* Sources */ = {
			isa = PBXSourcesBuildPhase;
			buildActionMask = 2147483647;
			files = (
				A077AEB12812DD2D008D1A62 /* BottomPlate.swift in Sources */,
				A04155942811760900EDEEDE /* ViewController.swift in Sources */,
				A076C75828253C45006EAC91 /* Label.swift in Sources */,
				A04155902811760900EDEEDE /* AppDelegate.swift in Sources */,
				A077AEAF2812D74D008D1A62 /* QubitVisualization.swift in Sources */,
				A04155922811760900EDEEDE /* SceneDelegate.swift in Sources */,
			);
			runOnlyForDeploymentPostprocessing = 0;
		};
		A041559E2811760B00EDEEDE /* Sources */ = {
			isa = PBXSourcesBuildPhase;
			buildActionMask = 2147483647;
			files = (
				A04155A72811760B00EDEEDE /* HIWI_APPTests.swift in Sources */,
			);
			runOnlyForDeploymentPostprocessing = 0;
		};
		A04155A82811760B00EDEEDE /* Sources */ = {
			isa = PBXSourcesBuildPhase;
			buildActionMask = 2147483647;
			files = (
				A04155B32811760B00EDEEDE /* HIWI_APPUITestsLaunchTests.swift in Sources */,
				A04155B12811760B00EDEEDE /* HIWI_APPUITests.swift in Sources */,
			);
			runOnlyForDeploymentPostprocessing = 0;
		};
/* End PBXSourcesBuildPhase section */

/* Begin PBXTargetDependency section */
		A04155A42811760B00EDEEDE /* PBXTargetDependency */ = {
			isa = PBXTargetDependency;
			target = A041558B2811760900EDEEDE /* HIWI-APP */;
			targetProxy = A04155A32811760B00EDEEDE /* PBXContainerItemProxy */;
		};
		A04155AE2811760B00EDEEDE /* PBXTargetDependency */ = {
			isa = PBXTargetDependency;
			target = A041558B2811760900EDEEDE /* HIWI-APP */;
			targetProxy = A04155AD2811760B00EDEEDE /* PBXContainerItemProxy */;
		};
/* End PBXTargetDependency section */

/* Begin PBXVariantGroup section */
		A04155952811760900EDEEDE /* Main.storyboard */ = {
			isa = PBXVariantGroup;
			children = (
				A04155962811760900EDEEDE /* Base */,
			);
			name = Main.storyboard;
			sourceTree = "<group>";
		};
		A041559A2811760B00EDEEDE /* LaunchScreen.storyboard */ = {
			isa = PBXVariantGroup;
			children = (
				A041559B2811760B00EDEEDE /* Base */,
			);
			name = LaunchScreen.storyboard;
			sourceTree = "<group>";
		};
/* End PBXVariantGroup section */

/* Begin XCBuildConfiguration section */
		A04155B42811760B00EDEEDE /* Debug */ = {
			isa = XCBuildConfiguration;
			buildSettings = {
				ALWAYS_SEARCH_USER_PATHS = NO;
				CLANG_ANALYZER_NONNULL = YES;
				CLANG_ANALYZER_NUMBER_OBJECT_CONVERSION = YES_AGGRESSIVE;
				CLANG_CXX_LANGUAGE_STANDARD = "gnu++17";
				CLANG_CXX_LIBRARY = "libc++";
				CLANG_ENABLE_MODULES = YES;
				CLANG_ENABLE_OBJC_ARC = YES;
				CLANG_ENABLE_OBJC_WEAK = YES;
				CLANG_WARN_BLOCK_CAPTURE_AUTORELEASING = YES;
				CLANG_WARN_BOOL_CONVERSION = YES;
				CLANG_WARN_COMMA = YES;
				CLANG_WARN_CONSTANT_CONVERSION = YES;
				CLANG_WARN_DEPRECATED_OBJC_IMPLEMENTATIONS = YES;
				CLANG_WARN_DIRECT_OBJC_ISA_USAGE = YES_ERROR;
				CLANG_WARN_DOCUMENTATION_COMMENTS = YES;
				CLANG_WARN_EMPTY_BODY = YES;
				CLANG_WARN_ENUM_CONVERSION = YES;
				CLANG_WARN_INFINITE_RECURSION = YES;
				CLANG_WARN_INT_CONVERSION = YES;
				CLANG_WARN_NON_LITERAL_NULL_CONVERSION = YES;
				CLANG_WARN_OBJC_IMPLICIT_RETAIN_SELF = YES;
				CLANG_WARN_OBJC_LITERAL_CONVERSION = YES;
				CLANG_WARN_OBJC_ROOT_CLASS = YES_ERROR;
				CLANG_WARN_QUOTED_INCLUDE_IN_FRAMEWORK_HEADER = YES;
				CLANG_WARN_RANGE_LOOP_ANALYSIS = YES;
				CLANG_WARN_STRICT_PROTOTYPES = YES;
				CLANG_WARN_SUSPICIOUS_MOVE = YES;
				CLANG_WARN_UNGUARDED_AVAILABILITY = YES_AGGRESSIVE;
				CLANG_WARN_UNREACHABLE_CODE = YES;
				CLANG_WARN__DUPLICATE_METHOD_MATCH = YES;
				COPY_PHASE_STRIP = NO;
				DEBUG_INFORMATION_FORMAT = dwarf;
				ENABLE_STRICT_OBJC_MSGSEND = YES;
				ENABLE_TESTABILITY = YES;
				GCC_C_LANGUAGE_STANDARD = gnu11;
				GCC_DYNAMIC_NO_PIC = NO;
				GCC_NO_COMMON_BLOCKS = YES;
				GCC_OPTIMIZATION_LEVEL = 0;
				GCC_PREPROCESSOR_DEFINITIONS = (
					"DEBUG=1",
					"$(inherited)",
				);
				GCC_WARN_64_TO_32_BIT_CONVERSION = YES;
				GCC_WARN_ABOUT_RETURN_TYPE = YES_ERROR;
				GCC_WARN_UNDECLARED_SELECTOR = YES;
				GCC_WARN_UNINITIALIZED_AUTOS = YES_AGGRESSIVE;
				GCC_WARN_UNUSED_FUNCTION = YES;
				GCC_WARN_UNUSED_VARIABLE = YES;
				IPHONEOS_DEPLOYMENT_TARGET = 15.2;
				MTL_ENABLE_DEBUG_INFO = INCLUDE_SOURCE;
				MTL_FAST_MATH = YES;
				ONLY_ACTIVE_ARCH = YES;
				SDKROOT = iphoneos;
				SWIFT_ACTIVE_COMPILATION_CONDITIONS = DEBUG;
				SWIFT_OPTIMIZATION_LEVEL = "-Onone";
			};
			name = Debug;
		};
		A04155B52811760B00EDEEDE /* Release */ = {
			isa = XCBuildConfiguration;
			buildSettings = {
				ALWAYS_SEARCH_USER_PATHS = NO;
				CLANG_ANALYZER_NONNULL = YES;
				CLANG_ANALYZER_NUMBER_OBJECT_CONVERSION = YES_AGGRESSIVE;
				CLANG_CXX_LANGUAGE_STANDARD = "gnu++17";
				CLANG_CXX_LIBRARY = "libc++";
				CLANG_ENABLE_MODULES = YES;
				CLANG_ENABLE_OBJC_ARC = YES;
				CLANG_ENABLE_OBJC_WEAK = YES;
				CLANG_WARN_BLOCK_CAPTURE_AUTORELEASING = YES;
				CLANG_WARN_BOOL_CONVERSION = YES;
				CLANG_WARN_COMMA = YES;
				CLANG_WARN_CONSTANT_CONVERSION = YES;
				CLANG_WARN_DEPRECATED_OBJC_IMPLEMENTATIONS = YES;
				CLANG_WARN_DIRECT_OBJC_ISA_USAGE = YES_ERROR;
				CLANG_WARN_DOCUMENTATION_COMMENTS = YES;
				CLANG_WARN_EMPTY_BODY = YES;
				CLANG_WARN_ENUM_CONVERSION = YES;
				CLANG_WARN_INFINITE_RECURSION = YES;
				CLANG_WARN_INT_CONVERSION = YES;
				CLANG_WARN_NON_LITERAL_NULL_CONVERSION = YES;
				CLANG_WARN_OBJC_IMPLICIT_RETAIN_SELF = YES;
				CLANG_WARN_OBJC_LITERAL_CONVERSION = YES;
				CLANG_WARN_OBJC_ROOT_CLASS = YES_ERROR;
				CLANG_WARN_QUOTED_INCLUDE_IN_FRAMEWORK_HEADER = YES;
				CLANG_WARN_RANGE_LOOP_ANALYSIS = YES;
				CLANG_WARN_STRICT_PROTOTYPES = YES;
				CLANG_WARN_SUSPICIOUS_MOVE = YES;
				CLANG_WARN_UNGUARDED_AVAILABILITY = YES_AGGRESSIVE;
				CLANG_WARN_UNREACHABLE_CODE = YES;
				CLANG_WARN__DUPLICATE_METHOD_MATCH = YES;
				COPY_PHASE_STRIP = NO;
				DEBUG_INFORMATION_FORMAT = "dwarf-with-dsym";
				ENABLE_NS_ASSERTIONS = NO;
				ENABLE_STRICT_OBJC_MSGSEND = YES;
				GCC_C_LANGUAGE_STANDARD = gnu11;
				GCC_NO_COMMON_BLOCKS = YES;
				GCC_WARN_64_TO_32_BIT_CONVERSION = YES;
				GCC_WARN_ABOUT_RETURN_TYPE = YES_ERROR;
				GCC_WARN_UNDECLARED_SELECTOR = YES;
				GCC_WARN_UNINITIALIZED_AUTOS = YES_AGGRESSIVE;
				GCC_WARN_UNUSED_FUNCTION = YES;
				GCC_WARN_UNUSED_VARIABLE = YES;
				IPHONEOS_DEPLOYMENT_TARGET = 15.2;
				MTL_ENABLE_DEBUG_INFO = NO;
				MTL_FAST_MATH = YES;
				SDKROOT = iphoneos;
				SWIFT_COMPILATION_MODE = wholemodule;
				SWIFT_OPTIMIZATION_LEVEL = "-O";
				VALIDATE_PRODUCT = YES;
			};
			name = Release;
		};
		A04155B72811760B00EDEEDE /* Debug */ = {
			isa = XCBuildConfiguration;
			buildSettings = {
				ASSETCATALOG_COMPILER_APPICON_NAME = AppIcon;
				ASSETCATALOG_COMPILER_GLOBAL_ACCENT_COLOR_NAME = AccentColor;
				CODE_SIGN_STYLE = Automatic;
				CURRENT_PROJECT_VERSION = 1;
				GENERATE_INFOPLIST_FILE = YES;
				INFOPLIST_FILE = "HIWI-APP/Info.plist";
				INFOPLIST_KEY_UIApplicationSupportsIndirectInputEvents = YES;
				INFOPLIST_KEY_UILaunchStoryboardName = LaunchScreen;
				INFOPLIST_KEY_UIMainStoryboardFile = Main;
				INFOPLIST_KEY_UISupportedInterfaceOrientations_iPad = "UIInterfaceOrientationPortrait UIInterfaceOrientationPortraitUpsideDown UIInterfaceOrientationLandscapeLeft UIInterfaceOrientationLandscapeRight";
				INFOPLIST_KEY_UISupportedInterfaceOrientations_iPhone = "UIInterfaceOrientationPortrait UIInterfaceOrientationLandscapeLeft UIInterfaceOrientationLandscapeRight";
				LD_RUNPATH_SEARCH_PATHS = (
					"$(inherited)",
					"@executable_path/Frameworks",
				);
				MARKETING_VERSION = 1.0;
				PRODUCT_BUNDLE_IDENTIFIER = "tomkolberg.HIWI-APP";
				PRODUCT_NAME = "$(TARGET_NAME)";
				SWIFT_EMIT_LOC_STRINGS = YES;
				SWIFT_VERSION = 5.0;
				TARGETED_DEVICE_FAMILY = "1,2";
			};
			name = Debug;
		};
		A04155B82811760B00EDEEDE /* Release */ = {
			isa = XCBuildConfiguration;
			buildSettings = {
				ASSETCATALOG_COMPILER_APPICON_NAME = AppIcon;
				ASSETCATALOG_COMPILER_GLOBAL_ACCENT_COLOR_NAME = AccentColor;
				CODE_SIGN_STYLE = Automatic;
				CURRENT_PROJECT_VERSION = 1;
				GENERATE_INFOPLIST_FILE = YES;
				INFOPLIST_FILE = "HIWI-APP/Info.plist";
				INFOPLIST_KEY_UIApplicationSupportsIndirectInputEvents = YES;
				INFOPLIST_KEY_UILaunchStoryboardName = LaunchScreen;
				INFOPLIST_KEY_UIMainStoryboardFile = Main;
				INFOPLIST_KEY_UISupportedInterfaceOrientations_iPad = "UIInterfaceOrientationPortrait UIInterfaceOrientationPortraitUpsideDown UIInterfaceOrientationLandscapeLeft UIInterfaceOrientationLandscapeRight";
				INFOPLIST_KEY_UISupportedInterfaceOrientations_iPhone = "UIInterfaceOrientationPortrait UIInterfaceOrientationLandscapeLeft UIInterfaceOrientationLandscapeRight";
				LD_RUNPATH_SEARCH_PATHS = (
					"$(inherited)",
					"@executable_path/Frameworks",
				);
				MARKETING_VERSION = 1.0;
				PRODUCT_BUNDLE_IDENTIFIER = "tomkolberg.HIWI-APP";
				PRODUCT_NAME = "$(TARGET_NAME)";
				SWIFT_EMIT_LOC_STRINGS = YES;
				SWIFT_VERSION = 5.0;
				TARGETED_DEVICE_FAMILY = "1,2";
			};
			name = Release;
		};
		A04155BA2811760B00EDEEDE /* Debug */ = {
			isa = XCBuildConfiguration;
			buildSettings = {
				ALWAYS_EMBED_SWIFT_STANDARD_LIBRARIES = YES;
				BUNDLE_LOADER = "$(TEST_HOST)";
				CODE_SIGN_STYLE = Automatic;
				CURRENT_PROJECT_VERSION = 1;
				GENERATE_INFOPLIST_FILE = YES;
				IPHONEOS_DEPLOYMENT_TARGET = 15.2;
				MARKETING_VERSION = 1.0;
				PRODUCT_BUNDLE_IDENTIFIER = "tomkolberg.HIWI-APPTests";
				PRODUCT_NAME = "$(TARGET_NAME)";
				SWIFT_EMIT_LOC_STRINGS = NO;
				SWIFT_VERSION = 5.0;
				TARGETED_DEVICE_FAMILY = "1,2";
				TEST_HOST = "$(BUILT_PRODUCTS_DIR)/HIWI-APP.app/HIWI-APP";
			};
			name = Debug;
		};
		A04155BB2811760B00EDEEDE /* Release */ = {
			isa = XCBuildConfiguration;
			buildSettings = {
				ALWAYS_EMBED_SWIFT_STANDARD_LIBRARIES = YES;
				BUNDLE_LOADER = "$(TEST_HOST)";
				CODE_SIGN_STYLE = Automatic;
				CURRENT_PROJECT_VERSION = 1;
				GENERATE_INFOPLIST_FILE = YES;
				IPHONEOS_DEPLOYMENT_TARGET = 15.2;
				MARKETING_VERSION = 1.0;
				PRODUCT_BUNDLE_IDENTIFIER = "tomkolberg.HIWI-APPTests";
				PRODUCT_NAME = "$(TARGET_NAME)";
				SWIFT_EMIT_LOC_STRINGS = NO;
				SWIFT_VERSION = 5.0;
				TARGETED_DEVICE_FAMILY = "1,2";
				TEST_HOST = "$(BUILT_PRODUCTS_DIR)/HIWI-APP.app/HIWI-APP";
			};
			name = Release;
		};
		A04155BD2811760B00EDEEDE /* Debug */ = {
			isa = XCBuildConfiguration;
			buildSettings = {
				ALWAYS_EMBED_SWIFT_STANDARD_LIBRARIES = YES;
				CODE_SIGN_STYLE = Automatic;
				CURRENT_PROJECT_VERSION = 1;
				GENERATE_INFOPLIST_FILE = YES;
				MARKETING_VERSION = 1.0;
				PRODUCT_BUNDLE_IDENTIFIER = "tomkolberg.HIWI-APPUITests";
				PRODUCT_NAME = "$(TARGET_NAME)";
				SWIFT_EMIT_LOC_STRINGS = NO;
				SWIFT_VERSION = 5.0;
				TARGETED_DEVICE_FAMILY = "1,2";
				TEST_TARGET_NAME = "HIWI-APP";
			};
			name = Debug;
		};
		A04155BE2811760B00EDEEDE /* Release */ = {
			isa = XCBuildConfiguration;
			buildSettings = {
				ALWAYS_EMBED_SWIFT_STANDARD_LIBRARIES = YES;
				CODE_SIGN_STYLE = Automatic;
				CURRENT_PROJECT_VERSION = 1;
				GENERATE_INFOPLIST_FILE = YES;
				MARKETING_VERSION = 1.0;
				PRODUCT_BUNDLE_IDENTIFIER = "tomkolberg.HIWI-APPUITests";
				PRODUCT_NAME = "$(TARGET_NAME)";
				SWIFT_EMIT_LOC_STRINGS = NO;
				SWIFT_VERSION = 5.0;
				TARGETED_DEVICE_FAMILY = "1,2";
				TEST_TARGET_NAME = "HIWI-APP";
			};
			name = Release;
		};
/* End XCBuildConfiguration section */

/* Begin XCConfigurationList section */
		A04155872811760900EDEEDE /* Build configuration list for PBXProject "HIWI-APP" */ = {
			isa = XCConfigurationList;
			buildConfigurations = (
				A04155B42811760B00EDEEDE /* Debug */,
				A04155B52811760B00EDEEDE /* Release */,
			);
			defaultConfigurationIsVisible = 0;
			defaultConfigurationName = Release;
		};
		A04155B62811760B00EDEEDE /* Build configuration list for PBXNativeTarget "HIWI-APP" */ = {
			isa = XCConfigurationList;
			buildConfigurations = (
				A04155B72811760B00EDEEDE /* Debug */,
				A04155B82811760B00EDEEDE /* Release */,
			);
			defaultConfigurationIsVisible = 0;
			defaultConfigurationName = Release;
		};
		A04155B92811760B00EDEEDE /* Build configuration list for PBXNativeTarget "HIWI-APPTests" */ = {
			isa = XCConfigurationList;
			buildConfigurations = (
				A04155BA2811760B00EDEEDE /* Debug */,
				A04155BB2811760B00EDEEDE /* Release */,
			);
			defaultConfigurationIsVisible = 0;
			defaultConfigurationName = Release;
		};
		A04155BC2811760B00EDEEDE /* Build configuration list for PBXNativeTarget "HIWI-APPUITests" */ = {
			isa = XCConfigurationList;
			buildConfigurations = (
				A04155BD2811760B00EDEEDE /* Debug */,
				A04155BE2811760B00EDEEDE /* Release */,
			);
			defaultConfigurationIsVisible = 0;
			defaultConfigurationName = Release;
		};
/* End XCConfigurationList section */

/* Begin XCRemoteSwiftPackageReference section */
		A04C153B282EAD3D004717D1 /* XCRemoteSwiftPackageReference "swift-complex" */ = {
			isa = XCRemoteSwiftPackageReference;
			repositoryURL = "https://github.com/dankogai/swift-complex";
			requirement = {
				kind = upToNextMajorVersion;
				minimumVersion = 5.0.0;
			};
		};
/* End XCRemoteSwiftPackageReference section */

/* Begin XCSwiftPackageProductDependency section */
		A04C153C282EAD3D004717D1 /* Complex */ = {
			isa = XCSwiftPackageProductDependency;
			package = A04C153B282EAD3D004717D1 /* XCRemoteSwiftPackageReference "swift-complex" */;
			productName = Complex;
		};
/* End XCSwiftPackageProductDependency section */
	};
	rootObject = A04155842811760900EDEEDE /* Project object */;
}
